
Microsoft Visual Studio Solution File, Format Version 12.00
# Visual Studio Version 16
VisualStudioVersion = 16.0.29123.88
MinimumVisualStudioVersion = 10.0.40219.1
Project("{FAE04EC0-301F-11D3-BF4B-00C04F79EFBC}") = "RealEstateDataCollector", "RealEstateDataCollector\RealEstateDataCollector.csproj", "{0E42AF01-AB4C-402F-A021-54A84A3EE13C}"
EndProject
Global
	GlobalSection(SolutionConfigurationPlatforms) = preSolution
		Debug|Any CPU = Debug|Any CPU
		Release|Any CPU = Release|Any CPU
	EndGlobalSection
	GlobalSection(ProjectConfigurationPlatforms) = postSolution
		{0E42AF01-AB4C-402F-A021-54A84A3EE13C}.Debug|Any CPU.ActiveCfg = Debug|Any CPU
		{0E42AF01-AB4C-402F-A021-54A84A3EE13C}.Debug|Any CPU.Build.0 = Debug|Any CPU
		{0E42AF01-AB4C-402F-A021-54A84A3EE13C}.Release|Any CPU.ActiveCfg = Release|Any CPU
		{0E42AF01-AB4C-402F-A021-54A84A3EE13C}.Release|Any CPU.Build.0 = Release|Any CPU
	EndGlobalSection
	GlobalSection(SolutionProperties) = preSolution
		HideSolutionNode = FALSE
	EndGlobalSection
	GlobalSection(ExtensibilityGlobals) = postSolution
		SolutionGuid = {1D955ACD-1EE3-4C6D-A6D6-2FD99010BD73}
	EndGlobalSection
EndGlobal
